
Microsoft Visual Studio Solution File, Format Version 12.00
# Visual Studio 15
VisualStudioVersion = 15.0.28307.902
MinimumVisualStudioVersion = 10.0.40219.1
Project("{FAE04EC0-301F-11D3-BF4B-00C04F79EFBC}") = "Coursework1", "Coursework1\Coursework1.csproj", "{15DECF68-AE00-4AF8-A7BD-B0A738B5934D}"
EndProject
Project("{FAE04EC0-301F-11D3-BF4B-00C04F79EFBC}") = "Coursework1-UnitTest", "Coursework1-UnitTest\Coursework1-UnitTest.csproj", "{1490F1EF-EE26-464C-883D-9E489B3358F7}"
EndProject
Global
	GlobalSection(SolutionConfigurationPlatforms) = preSolution
		Debug|Any CPU = Debug|Any CPU
		Release|Any CPU = Release|Any CPU
	EndGlobalSection
	GlobalSection(ProjectConfigurationPlatforms) = postSolution
		{15DECF68-AE00-4AF8-A7BD-B0A738B5934D}.Debug|Any CPU.ActiveCfg = Release|Any CPU
		{15DECF68-AE00-4AF8-A7BD-B0A738B5934D}.Debug|Any CPU.Build.0 = Release|Any CPU
		{15DECF68-AE00-4AF8-A7BD-B0A738B5934D}.Release|Any CPU.ActiveCfg = Release|Any CPU
		{15DECF68-AE00-4AF8-A7BD-B0A738B5934D}.Release|Any CPU.Build.0 = Release|Any CPU
		{1490F1EF-EE26-464C-883D-9E489B3358F7}.Debug|Any CPU.ActiveCfg = Debug|Any CPU
		{1490F1EF-EE26-464C-883D-9E489B3358F7}.Debug|Any CPU.Build.0 = Debug|Any CPU
		{1490F1EF-EE26-464C-883D-9E489B3358F7}.Release|Any CPU.ActiveCfg = Release|Any CPU
		{1490F1EF-EE26-464C-883D-9E489B3358F7}.Release|Any CPU.Build.0 = Release|Any CPU
	EndGlobalSection
	GlobalSection(SolutionProperties) = preSolution
		HideSolutionNode = FALSE
	EndGlobalSection
	GlobalSection(ExtensibilityGlobals) = postSolution
		SolutionGuid = {B0518E7A-5461-4BAB-B575-3B9DAD4B35D9}
	EndGlobalSection
EndGlobal
